dependencies:
  espressif/cmake_utilities:
    component_hash: 351350613ceafba240b761b4ea991e0f231ac7a9f59a9ee901f751bddc0bb18f
    dependencies:
    - name: idf
      require: private
      version: '>=4.1'
    source:
      registry_url: https://components.espressif.com
      type: service
    version: 0.5.3
  espressif/esp_lcd_gc9a01:
    component_hash: 018d015a5a6f9e04aed401d58eca66a1dbd603388a3ccf66666a08d8e12551a5
    dependencies:
    - name: espressif/cmake_utilities
      registry_url: https://components.espressif.com
      require: private
      version: 0.*
    - name: idf
      require: private
      version: '>=4.4'
    source:
      registry_url: https://components.espressif.com/
      type: service
    version: 2.0.2
  espressif/esp_tinyusb:
    component_hash: 9382e15aaacd3f29e2de2360eb266ef1d7e5ebf4fdefbeaebe146e471d341656
    dependencies:
    - name: idf
      require: private
      version: ^5.0
    - name: espressif/tinyusb
      registry_url: https://components.espressif.com
      require: public
      version: '>=0.14.2'
    source:
      registry_url: https://components.espressif.com/
      type: service
    version: 1.7.2
  espressif/tinyusb:
    component_hash: 10703da2c3cd39a944711ee3d320c6dda54debabf13b4b933a7c90daf102372b
    dependencies:
    - name: idf
      require: private
      version: '>=5.0'
    source:
      registry_url: https://components.espressif.com
      type: service
    targets:
    - esp32s2
    - esp32s3
    - esp32p4
    version: 0.18.0~2
  idf:
    source:
      type: idf
    version: 5.4.1
  lvgl/lvgl:
    component_hash: d7c1ac037ae6e85d94897f807d6e7ba0946a83e720074fc95a4f6241da9f9f53
    dependencies: []
    source:
      registry_url: https://components.espressif.com/
      type: service
    version: 8.4.0
direct_dependencies:
- espressif/esp_lcd_gc9a01
- espressif/esp_tinyusb
- idf
- lvgl/lvgl
manifest_hash: fa4e696a2bf14ffb82a43afd07482daec37f9f088c4210abaeaa118cec1a43dc
target: esp32s3
version: 2.0.0
